
Microsoft Visual Studio Solution File, Format Version 12.00
# Visual Studio Version 17
VisualStudioVersion = 17.12.35514.174 d17.12
MinimumVisualStudioVersion = 10.0.40219.1
Project("{8BC9CEB8-8B4A-11D0-8D11-00A0C91BC942}") = "12月10日", "12月10日\12月10日.vcxproj", "{1CA1AF6A-34DC-43DE-980B-0F937DDCB22A}"
EndProject
Global
	GlobalSection(SolutionConfigurationPlatforms) = preSolution
		Debug|x64 = Debug|x64
		Debug|x86 = Debug|x86
		Release|x64 = Release|x64
		Release|x86 = Release|x86
	EndGlobalSection
	GlobalSection(ProjectConfigurationPlatforms) = postSolution
		{1CA1AF6A-34DC-43DE-980B-0F937DDCB22A}.Debug|x64.ActiveCfg = Debug|x64
		{1CA1AF6A-34DC-43DE-980B-0F937DDCB22A}.Debug|x64.Build.0 = Debug|x64
		{1CA1AF6A-34DC-43DE-980B-0F937DDCB22A}.Debug|x86.ActiveCfg = Debug|Win32
		{1CA1AF6A-34DC-43DE-980B-0F937DDCB22A}.Debug|x86.Build.0 = Debug|Win32
		{1CA1AF6A-34DC-43DE-980B-0F937DDCB22A}.Release|x64.ActiveCfg = Release|x64
		{1CA1AF6A-34DC-43DE-980B-0F937DDCB22A}.Release|x64.Build.0 = Release|x64
		{1CA1AF6A-34DC-43DE-980B-0F937DDCB22A}.Release|x86.ActiveCfg = Release|Win32
		{1CA1AF6A-34DC-43DE-980B-0F937DDCB22A}.Release|x86.Build.0 = Release|Win32
	EndGlobalSection
	GlobalSection(SolutionProperties) = preSolution
		HideSolutionNode = FALSE
	EndGlobalSection
EndGlobal
