
Microsoft Visual Studio Solution File, Format Version 12.00
# Visual Studio Version 17
VisualStudioVersion = 17.11.35327.3
MinimumVisualStudioVersion = 10.0.40219.1
Project("{8BC9CEB8-8B4A-11D0-8D11-00A0C91BC942}") = "十月三十", "十月三十\十月三十.vcxproj", "{5BC2E31C-F1E1-4268-813E-5751E9157DAC}"
EndProject
Global
	GlobalSection(SolutionConfigurationPlatforms) = preSolution
		Debug|x64 = Debug|x64
		Debug|x86 = Debug|x86
		Release|x64 = Release|x64
		Release|x86 = Release|x86
	EndGlobalSection
	GlobalSection(ProjectConfigurationPlatforms) = postSolution
		{5BC2E31C-F1E1-4268-813E-5751E9157DAC}.Debug|x64.ActiveCfg = Debug|x64
		{5BC2E31C-F1E1-4268-813E-5751E9157DAC}.Debug|x64.Build.0 = Debug|x64
		{5BC2E31C-F1E1-4268-813E-5751E9157DAC}.Debug|x86.ActiveCfg = Debug|Win32
		{5BC2E31C-F1E1-4268-813E-5751E9157DAC}.Debug|x86.Build.0 = Debug|Win32
		{5BC2E31C-F1E1-4268-813E-5751E9157DAC}.Release|x64.ActiveCfg = Release|x64
		{5BC2E31C-F1E1-4268-813E-5751E9157DAC}.Release|x64.Build.0 = Release|x64
		{5BC2E31C-F1E1-4268-813E-5751E9157DAC}.Release|x86.ActiveCfg = Release|Win32
		{5BC2E31C-F1E1-4268-813E-5751E9157DAC}.Release|x86.Build.0 = Release|Win32
	EndGlobalSection
	GlobalSection(SolutionProperties) = preSolution
		HideSolutionNode = FALSE
	EndGlobalSection
	GlobalSection(ExtensibilityGlobals) = postSolution
		SolutionGuid = {D9491AA4-2B98-4F28-A95E-0AF34D0F65A0}
	EndGlobalSection
EndGlobal
