
Microsoft Visual Studio Solution File, Format Version 12.00
# Visual Studio Version 17
VisualStudioVersion = 17.13.35818.85 d17.13
MinimumVisualStudioVersion = 10.0.40219.1
Project("{8BC9CEB8-8B4A-11D0-8D11-00A0C91BC942}") = "3.12", "3.12\3.12.vcxproj", "{1DD144ED-D019-484A-8683-BE7E0FFBA044}"
EndProject
Global
	GlobalSection(SolutionConfigurationPlatforms) = preSolution
		Debug|x64 = Debug|x64
		Debug|x86 = Debug|x86
		Release|x64 = Release|x64
		Release|x86 = Release|x86
	EndGlobalSection
	GlobalSection(ProjectConfigurationPlatforms) = postSolution
		{1DD144ED-D019-484A-8683-BE7E0FFBA044}.Debug|x64.ActiveCfg = Debug|x64
		{1DD144ED-D019-484A-8683-BE7E0FFBA044}.Debug|x64.Build.0 = Debug|x64
		{1DD144ED-D019-484A-8683-BE7E0FFBA044}.Debug|x86.ActiveCfg = Debug|Win32
		{1DD144ED-D019-484A-8683-BE7E0FFBA044}.Debug|x86.Build.0 = Debug|Win32
		{1DD144ED-D019-484A-8683-BE7E0FFBA044}.Release|x64.ActiveCfg = Release|x64
		{1DD144ED-D019-484A-8683-BE7E0FFBA044}.Release|x64.Build.0 = Release|x64
		{1DD144ED-D019-484A-8683-BE7E0FFBA044}.Release|x86.ActiveCfg = Release|Win32
		{1DD144ED-D019-484A-8683-BE7E0FFBA044}.Release|x86.Build.0 = Release|Win32
	EndGlobalSection
	GlobalSection(SolutionProperties) = preSolution
		HideSolutionNode = FALSE
	EndGlobalSection
	GlobalSection(ExtensibilityGlobals) = postSolution
		SolutionGuid = {DF070CAE-2D2A-44E7-A44A-A6F6CED02768}
	EndGlobalSection
EndGlobal
